// !$*UTF8*$!
{
	archiveVersion = 1;
	classes = {
	};
	objectVersion = 56;
	objects = {

/* Begin PBXBuildFile section */
		D71AE0562B11C7C100A1DF5B /* ProgressBarView.swift in Sources */ = {isa = PBXBuildFile; fileRef = D71AE0552B11C7C100A1DF5B /* ProgressBarView.swift */; };
		D71AE0582B11C93A00A1DF5B /* TransactionView.swift in Sources */ = {isa = PBXBuildFile; fileRef = D71AE0572B11C93A00A1DF5B /* TransactionView.swift */; };
		D71AE05A2B11CB1500A1DF5B /* Amount.swift in Sources */ = {isa = PBXBuildFile; fileRef = D71AE0592B11CB1500A1DF5B /* Amount.swift */; };
		D7801C102B115128006BF2E8 /* PocketBreadApp.swift in Sources */ = {isa = PBXBuildFile; fileRef = D7801C0F2B115128006BF2E8 /* PocketBreadApp.swift */; };
		D7801C122B115128006BF2E8 /* RootView.swift in Sources */ = {isa = PBXBuildFile; fileRef = D7801C112B115128006BF2E8 /* RootView.swift */; };
		D7801C142B11512A006BF2E8 /* Assets.xcassets in Resources */ = {isa = PBXBuildFile; fileRef = D7801C132B11512A006BF2E8 /* Assets.xcassets */; };
		D7801C172B11512A006BF2E8 /* Preview Assets.xcassets in Resources */ = {isa = PBXBuildFile; fileRef = D7801C162B11512A006BF2E8 /* Preview Assets.xcassets */; };
		D7801C222B11512A006BF2E8 /* PocketBreadTests.swift in Sources */ = {isa = PBXBuildFile; fileRef = D7801C212B11512A006BF2E8 /* PocketBreadTests.swift */; };
		D7801C2C2B11512A006BF2E8 /* PocketBreadUITests.swift in Sources */ = {isa = PBXBuildFile; fileRef = D7801C2B2B11512A006BF2E8 /* PocketBreadUITests.swift */; };
		D7801C2E2B11512A006BF2E8 /* PocketBreadUITestsLaunchTests.swift in Sources */ = {isa = PBXBuildFile; fileRef = D7801C2D2B11512A006BF2E8 /* PocketBreadUITestsLaunchTests.swift */; };
		D7801C3E2B115202006BF2E8 /* Category.swift in Sources */ = {isa = PBXBuildFile; fileRef = D7801C3D2B115202006BF2E8 /* Category.swift */; };
		D7801C402B115253006BF2E8 /* Transaction.swift in Sources */ = {isa = PBXBuildFile; fileRef = D7801C3F2B115253006BF2E8 /* Transaction.swift */; };
		D7801C422B115332006BF2E8 /* Vendor.swift in Sources */ = {isa = PBXBuildFile; fileRef = D7801C412B115332006BF2E8 /* Vendor.swift */; };
		D7801C442B11535A006BF2E8 /* RootViewModel.swift in Sources */ = {isa = PBXBuildFile; fileRef = D7801C432B11535A006BF2E8 /* RootViewModel.swift */; };
		D7801C482B115374006BF2E8 /* CategoryViewModel.swift in Sources */ = {isa = PBXBuildFile; fileRef = D7801C472B115374006BF2E8 /* CategoryViewModel.swift */; };
		D7801C4A2B1153AC006BF2E8 /* TransactionViewModel.swift in Sources */ = {isa = PBXBuildFile; fileRef = D7801C492B1153AC006BF2E8 /* TransactionViewModel.swift */; };
		D7CFE85D2B12F4C300C1E370 /* MockService.swift in Sources */ = {isa = PBXBuildFile; fileRef = D7CFE85C2B12F4C300C1E370 /* MockService.swift */; };
		D7CFE85F2B12F4E400C1E370 /* BreadService.swift in Sources */ = {isa = PBXBuildFile; fileRef = D7CFE85E2B12F4E400C1E370 /* BreadService.swift */; };
		D7CFE8622B1308CD00C1E370 /* BasicBudget.swift in Sources */ = {isa = PBXBuildFile; fileRef = D7CFE8612B1308CD00C1E370 /* BasicBudget.swift */; };
		D7CFE8642B1308D900C1E370 /* OneOfEachCategory.swift in Sources */ = {isa = PBXBuildFile; fileRef = D7CFE8632B1308D900C1E370 /* OneOfEachCategory.swift */; };
		D7CFE8682B1311C200C1E370 /* CategoryListView.swift in Sources */ = {isa = PBXBuildFile; fileRef = D7CFE8672B1311C200C1E370 /* CategoryListView.swift */; };
		D7CFE86B2B1313DD00C1E370 /* CategoryDetailView.swift in Sources */ = {isa = PBXBuildFile; fileRef = D7CFE86A2B1313DD00C1E370 /* CategoryDetailView.swift */; };
		D7CFE86E2B13164900C1E370 /* TransactionListView.swift in Sources */ = {isa = PBXBuildFile; fileRef = D7CFE86D2B13164900C1E370 /* TransactionListView.swift */; };
		D7CFE8702B13167A00C1E370 /* TransactionDetailView.swift in Sources */ = {isa = PBXBuildFile; fileRef = D7CFE86F2B13167A00C1E370 /* TransactionDetailView.swift */; };
		D7CFE8732B13199000C1E370 /* ColorPill.swift in Sources */ = {isa = PBXBuildFile; fileRef = D7CFE8722B13199000C1E370 /* ColorPill.swift */; };
		D7FFAACF2B1156B7008C36B8 /* CategoryView.swift in Sources */ = {isa = PBXBuildFile; fileRef = D7FFAACE2B1156B7008C36B8 /* CategoryView.swift */; };
/* End PBXBuildFile section */

/* Begin PBXContainerItemProxy section */
		D7801C1E2B11512A006BF2E8 /* PBXContainerItemProxy */ = {
			isa = PBXContainerItemProxy;
			containerPortal = D7801C042B115128006BF2E8 /* Project object */;
			proxyType = 1;
			remoteGlobalIDString = D7801C0B2B115128006BF2E8;
			remoteInfo = PocketBread;
		};
		D7801C282B11512A006BF2E8 /* PBXContainerItemProxy */ = {
			isa = PBXContainerItemProxy;
			containerPortal = D7801C042B115128006BF2E8 /* Project object */;
			proxyType = 1;
			remoteGlobalIDString = D7801C0B2B115128006BF2E8;
			remoteInfo = PocketBread;
		};
/* End PBXContainerItemProxy section */

/* Begin PBXFileReference section */
		D71AE0552B11C7C100A1DF5B /* ProgressBarView.swift */ = {isa = PBXFileReference; lastKnownFileType = sourcecode.swift; path = ProgressBarView.swift; sourceTree = "<group>"; };
		D71AE0572B11C93A00A1DF5B /* TransactionView.swift */ = {isa = PBXFileReference; lastKnownFileType = sourcecode.swift; path = TransactionView.swift; sourceTree = "<group>"; };
		D71AE0592B11CB1500A1DF5B /* Amount.swift */ = {isa = PBXFileReference; lastKnownFileType = sourcecode.swift; path = Amount.swift; sourceTree = "<group>"; };
		D71AE05B2B11D46B00A1DF5B /* Info.plist */ = {isa = PBXFileReference; lastKnownFileType = text.plist; path = Info.plist; sourceTree = "<group>"; };
		D7801C0C2B115128006BF2E8 /* PocketBread.app */ = {isa = PBXFileReference; explicitFileType = wrapper.application; includeInIndex = 0; path = PocketBread.app; sourceTree = BUILT_PRODUCTS_DIR; };
		D7801C0F2B115128006BF2E8 /* PocketBreadApp.swift */ = {isa = PBXFileReference; lastKnownFileType = sourcecode.swift; path = PocketBreadApp.swift; sourceTree = "<group>"; };
		D7801C112B115128006BF2E8 /* RootView.swift */ = {isa = PBXFileReference; lastKnownFileType = sourcecode.swift; path = RootView.swift; sourceTree = "<group>"; };
		D7801C132B11512A006BF2E8 /* Assets.xcassets */ = {isa = PBXFileReference; lastKnownFileType = folder.assetcatalog; path = Assets.xcassets; sourceTree = "<group>"; };
		D7801C162B11512A006BF2E8 /* Preview Assets.xcassets */ = {isa = PBXFileReference; lastKnownFileType = folder.assetcatalog; path = "Preview Assets.xcassets"; sourceTree = "<group>"; };
		D7801C182B11512A006BF2E8 /* PocketBread.entitlements */ = {isa = PBXFileReference; lastKnownFileType = text.plist.entitlements; path = PocketBread.entitlements; sourceTree = "<group>"; };
		D7801C1D2B11512A006BF2E8 /* PocketBreadTests.xctest */ = {isa = PBXFileReference; explicitFileType = wrapper.cfbundle; includeInIndex = 0; path = PocketBreadTests.xctest; sourceTree = BUILT_PRODUCTS_DIR; };
		D7801C212B11512A006BF2E8 /* PocketBreadTests.swift */ = {isa = PBXFileReference; lastKnownFileType = sourcecode.swift; path = PocketBreadTests.swift; sourceTree = "<group>"; };
		D7801C272B11512A006BF2E8 /* PocketBreadUITests.xctest */ = {isa = PBXFileReference; explicitFileType = wrapper.cfbundle; includeInIndex = 0; path = PocketBreadUITests.xctest; sourceTree = BUILT_PRODUCTS_DIR; };
		D7801C2B2B11512A006BF2E8 /* PocketBreadUITests.swift */ = {isa = PBXFileReference; lastKnownFileType = sourcecode.swift; path = PocketBreadUITests.swift; sourceTree = "<group>"; };
		D7801C2D2B11512A006BF2E8 /* PocketBreadUITestsLaunchTests.swift */ = {isa = PBXFileReference; lastKnownFileType = sourcecode.swift; path = PocketBreadUITestsLaunchTests.swift; sourceTree = "<group>"; };
		D7801C3D2B115202006BF2E8 /* Category.swift */ = {isa = PBXFileReference; lastKnownFileType = sourcecode.swift; path = Category.swift; sourceTree = "<group>"; };
		D7801C3F2B115253006BF2E8 /* Transaction.swift */ = {isa = PBXFileReference; lastKnownFileType = sourcecode.swift; path = Transaction.swift; sourceTree = "<group>"; };
		D7801C412B115332006BF2E8 /* Vendor.swift */ = {isa = PBXFileReference; lastKnownFileType = sourcecode.swift; path = Vendor.swift; sourceTree = "<group>"; };
		D7801C432B11535A006BF2E8 /* RootViewModel.swift */ = {isa = PBXFileReference; lastKnownFileType = sourcecode.swift; path = RootViewModel.swift; sourceTree = "<group>"; };
		D7801C472B115374006BF2E8 /* CategoryViewModel.swift */ = {isa = PBXFileReference; lastKnownFileType = sourcecode.swift; path = CategoryViewModel.swift; sourceTree = "<group>"; };
		D7801C492B1153AC006BF2E8 /* TransactionViewModel.swift */ = {isa = PBXFileReference; lastKnownFileType = sourcecode.swift; path = TransactionViewModel.swift; sourceTree = "<group>"; };
		D7CFE85C2B12F4C300C1E370 /* MockService.swift */ = {isa = PBXFileReference; lastKnownFileType = sourcecode.swift; path = MockService.swift; sourceTree = "<group>"; };
		D7CFE85E2B12F4E400C1E370 /* BreadService.swift */ = {isa = PBXFileReference; lastKnownFileType = sourcecode.swift; path = BreadService.swift; sourceTree = "<group>"; };
		D7CFE8612B1308CD00C1E370 /* BasicBudget.swift */ = {isa = PBXFileReference; lastKnownFileType = sourcecode.swift; path = BasicBudget.swift; sourceTree = "<group>"; };
		D7CFE8632B1308D900C1E370 /* OneOfEachCategory.swift */ = {isa = PBXFileReference; lastKnownFileType = sourcecode.swift; path = OneOfEachCategory.swift; sourceTree = "<group>"; };
		D7CFE8672B1311C200C1E370 /* CategoryListView.swift */ = {isa = PBXFileReference; lastKnownFileType = sourcecode.swift; path = CategoryListView.swift; sourceTree = "<group>"; };
		D7CFE86A2B1313DD00C1E370 /* CategoryDetailView.swift */ = {isa = PBXFileReference; lastKnownFileType = sourcecode.swift; path = CategoryDetailView.swift; sourceTree = "<group>"; };
		D7CFE86D2B13164900C1E370 /* TransactionListView.swift */ = {isa = PBXFileReference; lastKnownFileType = sourcecode.swift; path = TransactionListView.swift; sourceTree = "<group>"; };
		D7CFE86F2B13167A00C1E370 /* TransactionDetailView.swift */ = {isa = PBXFileReference; lastKnownFileType = sourcecode.swift; path = TransactionDetailView.swift; sourceTree = "<group>"; };
		D7CFE8722B13199000C1E370 /* ColorPill.swift */ = {isa = PBXFileReference; lastKnownFileType = sourcecode.swift; path = ColorPill.swift; sourceTree = "<group>"; };
		D7FFAACE2B1156B7008C36B8 /* CategoryView.swift */ = {isa = PBXFileReference; lastKnownFileType = sourcecode.swift; path = CategoryView.swift; sourceTree = "<group>"; };
/* End PBXFileReference section */

/* Begin PBXFrameworksBuildPhase section */
		D7801C092B115128006BF2E8 /* Frameworks */ = {
			isa = PBXFrameworksBuildPhase;
			buildActionMask = 2147483647;
			files = (
			);
			runOnlyForDeploymentPostprocessing = 0;
		};
		D7801C1A2B11512A006BF2E8 /* Frameworks */ = {
			isa = PBXFrameworksBuildPhase;
			buildActionMask = 2147483647;
			files = (
			);
			runOnlyForDeploymentPostprocessing = 0;
		};
		D7801C242B11512A006BF2E8 /* Frameworks */ = {
			isa = PBXFrameworksBuildPhase;
			buildActionMask = 2147483647;
			files = (
			);
			runOnlyForDeploymentPostprocessing = 0;
		};
/* End PBXFrameworksBuildPhase section */

/* Begin PBXGroup section */
		D7801C032B115128006BF2E8 = {
			isa = PBXGroup;
			children = (
				D7801C0E2B115128006BF2E8 /* PocketBread */,
				D7801C202B11512A006BF2E8 /* PocketBreadTests */,
				D7801C2A2B11512A006BF2E8 /* PocketBreadUITests */,
				D7801C0D2B115128006BF2E8 /* Products */,
			);
			sourceTree = "<group>";
		};
		D7801C0D2B115128006BF2E8 /* Products */ = {
			isa = PBXGroup;
			children = (
				D7801C0C2B115128006BF2E8 /* PocketBread.app */,
				D7801C1D2B11512A006BF2E8 /* PocketBreadTests.xctest */,
				D7801C272B11512A006BF2E8 /* PocketBreadUITests.xctest */,
			);
			name = Products;
			sourceTree = "<group>";
		};
		D7801C0E2B115128006BF2E8 /* PocketBread */ = {
			isa = PBXGroup;
			children = (
				D7CFE85B2B12F4A600C1E370 /* Service */,
				D71AE05B2B11D46B00A1DF5B /* Info.plist */,
				D7801C3C2B1151C3006BF2E8 /* Domain */,
				D7801C3B2B1151BE006BF2E8 /* ViewModels */,
				D7801C3A2B1151B6006BF2E8 /* Views */,
				D7801C0F2B115128006BF2E8 /* PocketBreadApp.swift */,
				D7801C132B11512A006BF2E8 /* Assets.xcassets */,
				D7801C182B11512A006BF2E8 /* PocketBread.entitlements */,
				D7801C152B11512A006BF2E8 /* Preview Content */,
			);
			path = PocketBread;
			sourceTree = "<group>";
		};
		D7801C152B11512A006BF2E8 /* Preview Content */ = {
			isa = PBXGroup;
			children = (
				D7801C162B11512A006BF2E8 /* Preview Assets.xcassets */,
			);
			path = "Preview Content";
			sourceTree = "<group>";
		};
		D7801C202B11512A006BF2E8 /* PocketBreadTests */ = {
			isa = PBXGroup;
			children = (
				D7801C212B11512A006BF2E8 /* PocketBreadTests.swift */,
			);
			path = PocketBreadTests;
			sourceTree = "<group>";
		};
		D7801C2A2B11512A006BF2E8 /* PocketBreadUITests */ = {
			isa = PBXGroup;
			children = (
				D7801C2B2B11512A006BF2E8 /* PocketBreadUITests.swift */,
				D7801C2D2B11512A006BF2E8 /* PocketBreadUITestsLaunchTests.swift */,
			);
			path = PocketBreadUITests;
			sourceTree = "<group>";
		};
		D7801C3A2B1151B6006BF2E8 /* Views */ = {
			isa = PBXGroup;
			children = (
				D7CFE8712B13198500C1E370 /* Common */,
				D7CFE86C2B13163C00C1E370 /* Transactions */,
				D7801C112B115128006BF2E8 /* RootView.swift */,
				D7CFE8692B1313CA00C1E370 /* Categories */,
				D71AE0552B11C7C100A1DF5B /* ProgressBarView.swift */,
			);
			path = Views;
			sourceTree = "<group>";
		};
		D7801C3B2B1151BE006BF2E8 /* ViewModels */ = {
			isa = PBXGroup;
			children = (
				D7801C432B11535A006BF2E8 /* RootViewModel.swift */,
				D7801C472B115374006BF2E8 /* CategoryViewModel.swift */,
				D7801C492B1153AC006BF2E8 /* TransactionViewModel.swift */,
			);
			path = ViewModels;
			sourceTree = "<group>";
		};
		D7801C3C2B1151C3006BF2E8 /* Domain */ = {
			isa = PBXGroup;
			children = (
				D7801C3D2B115202006BF2E8 /* Category.swift */,
				D7801C3F2B115253006BF2E8 /* Transaction.swift */,
				D7801C412B115332006BF2E8 /* Vendor.swift */,
				D71AE0592B11CB1500A1DF5B /* Amount.swift */,
			);
			path = Domain;
			sourceTree = "<group>";
		};
		D7CFE85B2B12F4A600C1E370 /* Service */ = {
			isa = PBXGroup;
			children = (
				D7CFE8602B1308B200C1E370 /* BudgetType */,
				D7CFE85C2B12F4C300C1E370 /* MockService.swift */,
				D7CFE85E2B12F4E400C1E370 /* BreadService.swift */,
			);
			path = Service;
			sourceTree = "<group>";
		};
		D7CFE8602B1308B200C1E370 /* BudgetType */ = {
			isa = PBXGroup;
			children = (
				D7CFE8612B1308CD00C1E370 /* BasicBudget.swift */,
				D7CFE8632B1308D900C1E370 /* OneOfEachCategory.swift */,
			);
			path = BudgetType;
			sourceTree = "<group>";
		};
		D7CFE8692B1313CA00C1E370 /* Categories */ = {
			isa = PBXGroup;
			children = (
				D7CFE8672B1311C200C1E370 /* CategoryListView.swift */,
				D7FFAACE2B1156B7008C36B8 /* CategoryView.swift */,
				D7CFE86A2B1313DD00C1E370 /* CategoryDetailView.swift */,
			);
			path = Categories;
			sourceTree = "<group>";
		};
		D7CFE86C2B13163C00C1E370 /* Transactions */ = {
			isa = PBXGroup;
			children = (
				D71AE0572B11C93A00A1DF5B /* TransactionView.swift */,
				D7CFE86D2B13164900C1E370 /* TransactionListView.swift */,
				D7CFE86F2B13167A00C1E370 /* TransactionDetailView.swift */,
			);
			path = Transactions;
			sourceTree = "<group>";
		};
		D7CFE8712B13198500C1E370 /* Common */ = {
			isa = PBXGroup;
			children = (
				D7CFE8722B13199000C1E370 /* ColorPill.swift */,
			);
			path = Common;
			sourceTree = "<group>";
		};
/* End PBXGroup section */

/* Begin PBXNativeTarget section */
		D7801C0B2B115128006BF2E8 /* PocketBread */ = {
			isa = PBXNativeTarget;
			buildConfigurationList = D7801C312B11512A006BF2E8 /* Build configuration list for PBXNativeTarget "PocketBread" */;
			buildPhases = (
				D7801C082B115128006BF2E8 /* Sources */,
				D7801C092B115128006BF2E8 /* Frameworks */,
				D7801C0A2B115128006BF2E8 /* Resources */,
			);
			buildRules = (
			);
			dependencies = (
			);
			name = PocketBread;
			productName = PocketBread;
			productReference = D7801C0C2B115128006BF2E8 /* PocketBread.app */;
			productType = "com.apple.product-type.application";
		};
		D7801C1C2B11512A006BF2E8 /* PocketBreadTests */ = {
			isa = PBXNativeTarget;
			buildConfigurationList = D7801C342B11512A006BF2E8 /* Build configuration list for PBXNativeTarget "PocketBreadTests" */;
			buildPhases = (
				D7801C192B11512A006BF2E8 /* Sources */,
				D7801C1A2B11512A006BF2E8 /* Frameworks */,
				D7801C1B2B11512A006BF2E8 /* Resources */,
			);
			buildRules = (
			);
			dependencies = (
				D7801C1F2B11512A006BF2E8 /* PBXTargetDependency */,
			);
			name = PocketBreadTests;
			productName = PocketBreadTests;
			productReference = D7801C1D2B11512A006BF2E8 /* PocketBreadTests.xctest */;
			productType = "com.apple.product-type.bundle.unit-test";
		};
		D7801C262B11512A006BF2E8 /* PocketBreadUITests */ = {
			isa = PBXNativeTarget;
			buildConfigurationList = D7801C372B11512A006BF2E8 /* Build configuration list for PBXNativeTarget "PocketBreadUITests" */;
			buildPhases = (
				D7801C232B11512A006BF2E8 /* Sources */,
				D7801C242B11512A006BF2E8 /* Frameworks */,
				D7801C252B11512A006BF2E8 /* Resources */,
			);
			buildRules = (
			);
			dependencies = (
				D7801C292B11512A006BF2E8 /* PBXTargetDependency */,
			);
			name = PocketBreadUITests;
			productName = PocketBreadUITests;
			productReference = D7801C272B11512A006BF2E8 /* PocketBreadUITests.xctest */;
			productType = "com.apple.product-type.bundle.ui-testing";
		};
/* End PBXNativeTarget section */

/* Begin PBXProject section */
		D7801C042B115128006BF2E8 /* Project object */ = {
			isa = PBXProject;
			attributes = {
				BuildIndependentTargetsInParallel = 1;
				LastSwiftUpdateCheck = 1500;
				LastUpgradeCheck = 1500;
				TargetAttributes = {
					D7801C0B2B115128006BF2E8 = {
						CreatedOnToolsVersion = 15.0.1;
					};
					D7801C1C2B11512A006BF2E8 = {
						CreatedOnToolsVersion = 15.0.1;
						TestTargetID = D7801C0B2B115128006BF2E8;
					};
					D7801C262B11512A006BF2E8 = {
						CreatedOnToolsVersion = 15.0.1;
						TestTargetID = D7801C0B2B115128006BF2E8;
					};
				};
			};
			buildConfigurationList = D7801C072B115128006BF2E8 /* Build configuration list for PBXProject "PocketBread" */;
			compatibilityVersion = "Xcode 14.0";
			developmentRegion = en;
			hasScannedForEncodings = 0;
			knownRegions = (
				en,
				Base,
			);
			mainGroup = D7801C032B115128006BF2E8;
			productRefGroup = D7801C0D2B115128006BF2E8 /* Products */;
			projectDirPath = "";
			projectRoot = "";
			targets = (
				D7801C0B2B115128006BF2E8 /* PocketBread */,
				D7801C1C2B11512A006BF2E8 /* PocketBreadTests */,
				D7801C262B11512A006BF2E8 /* PocketBreadUITests */,
			);
		};
/* End PBXProject section */

/* Begin PBXResourcesBuildPhase section */
		D7801C0A2B115128006BF2E8 /* Resources */ = {
			isa = PBXResourcesBuildPhase;
			buildActionMask = 2147483647;
			files = (
				D7801C172B11512A006BF2E8 /* Preview Assets.xcassets in Resources */,
				D7801C142B11512A006BF2E8 /* Assets.xcassets in Resources */,
			);
			runOnlyForDeploymentPostprocessing = 0;
		};
		D7801C1B2B11512A006BF2E8 /* Resources */ = {
			isa = PBXResourcesBuildPhase;
			buildActionMask = 2147483647;
			files = (
			);
			runOnlyForDeploymentPostprocessing = 0;
		};
		D7801C252B11512A006BF2E8 /* Resources */ = {
			isa = PBXResourcesBuildPhase;
			buildActionMask = 2147483647;
			files = (
			);
			runOnlyForDeploymentPostprocessing = 0;
		};
/* End PBXResourcesBuildPhase section */

/* Begin PBXSourcesBuildPhase section */
		D7801C082B115128006BF2E8 /* Sources */ = {
			isa = PBXSourcesBuildPhase;
			buildActionMask = 2147483647;
			files = (
				D7CFE8732B13199000C1E370 /* ColorPill.swift in Sources */,
				D7801C482B115374006BF2E8 /* CategoryViewModel.swift in Sources */,
				D7801C122B115128006BF2E8 /* RootView.swift in Sources */,
				D7801C102B115128006BF2E8 /* PocketBreadApp.swift in Sources */,
				D7801C422B115332006BF2E8 /* Vendor.swift in Sources */,
				D7801C402B115253006BF2E8 /* Transaction.swift in Sources */,
				D7CFE86B2B1313DD00C1E370 /* CategoryDetailView.swift in Sources */,
				D71AE0582B11C93A00A1DF5B /* TransactionView.swift in Sources */,
				D7CFE8682B1311C200C1E370 /* CategoryListView.swift in Sources */,
				D7CFE85F2B12F4E400C1E370 /* BreadService.swift in Sources */,
				D7801C442B11535A006BF2E8 /* RootViewModel.swift in Sources */,
				D7CFE8642B1308D900C1E370 /* OneOfEachCategory.swift in Sources */,
				D7CFE85D2B12F4C300C1E370 /* MockService.swift in Sources */,
				D7801C3E2B115202006BF2E8 /* Category.swift in Sources */,
				D7801C4A2B1153AC006BF2E8 /* TransactionViewModel.swift in Sources */,
				D7FFAACF2B1156B7008C36B8 /* CategoryView.swift in Sources */,
				D7CFE8702B13167A00C1E370 /* TransactionDetailView.swift in Sources */,
				D7CFE86E2B13164900C1E370 /* TransactionListView.swift in Sources */,
				D71AE0562B11C7C100A1DF5B /* ProgressBarView.swift in Sources */,
				D71AE05A2B11CB1500A1DF5B /* Amount.swift in Sources */,
				D7CFE8622B1308CD00C1E370 /* BasicBudget.swift in Sources */,
			);
			runOnlyForDeploymentPostprocessing = 0;
		};
		D7801C192B11512A006BF2E8 /* Sources */ = {
			isa = PBXSourcesBuildPhase;
			buildActionMask = 2147483647;
			files = (
				D7801C222B11512A006BF2E8 /* PocketBreadTests.swift in Sources */,
			);
			runOnlyForDeploymentPostprocessing = 0;
		};
		D7801C232B11512A006BF2E8 /* Sources */ = {
			isa = PBXSourcesBuildPhase;
			buildActionMask = 2147483647;
			files = (
				D7801C2C2B11512A006BF2E8 /* PocketBreadUITests.swift in Sources */,
				D7801C2E2B11512A006BF2E8 /* PocketBreadUITestsLaunchTests.swift in Sources */,
			);
			runOnlyForDeploymentPostprocessing = 0;
		};
/* End PBXSourcesBuildPhase section */

/* Begin PBXTargetDependency section */
		D7801C1F2B11512A006BF2E8 /* PBXTargetDependency */ = {
			isa = PBXTargetDependency;
			target = D7801C0B2B115128006BF2E8 /* PocketBread */;
			targetProxy = D7801C1E2B11512A006BF2E8 /* PBXContainerItemProxy */;
		};
		D7801C292B11512A006BF2E8 /* PBXTargetDependency */ = {
			isa = PBXTargetDependency;
			target = D7801C0B2B115128006BF2E8 /* PocketBread */;
			targetProxy = D7801C282B11512A006BF2E8 /* PBXContainerItemProxy */;
		};
/* End PBXTargetDependency section */

/* Begin XCBuildConfiguration section */
		D7801C2F2B11512A006BF2E8 /* Debug */ = {
			isa = XCBuildConfiguration;
			buildSettings = {
				ALWAYS_SEARCH_USER_PATHS = NO;
				ASSETCATALOG_COMPILER_GENERATE_SWIFT_ASSET_SYMBOL_EXTENSIONS = YES;
				CLANG_ANALYZER_NONNULL = YES;
				CLANG_ANALYZER_NUMBER_OBJECT_CONVERSION = YES_AGGRESSIVE;
				CLANG_CXX_LANGUAGE_STANDARD = "gnu++20";
				CLANG_ENABLE_MODULES = YES;
				CLANG_ENABLE_OBJC_ARC = YES;
				CLANG_ENABLE_OBJC_WEAK = YES;
				CLANG_WARN_BLOCK_CAPTURE_AUTORELEASING = YES;
				CLANG_WARN_BOOL_CONVERSION = YES;
				CLANG_WARN_COMMA = YES;
				CLANG_WARN_CONSTANT_CONVERSION = YES;
				CLANG_WARN_DEPRECATED_OBJC_IMPLEMENTATIONS = YES;
				CLANG_WARN_DIRECT_OBJC_ISA_USAGE = YES_ERROR;
				CLANG_WARN_DOCUMENTATION_COMMENTS = YES;
				CLANG_WARN_EMPTY_BODY = YES;
				CLANG_WARN_ENUM_CONVERSION = YES;
				CLANG_WARN_INFINITE_RECURSION = YES;
				CLANG_WARN_INT_CONVERSION = YES;
				CLANG_WARN_NON_LITERAL_NULL_CONVERSION = YES;
				CLANG_WARN_OBJC_IMPLICIT_RETAIN_SELF = YES;
				CLANG_WARN_OBJC_LITERAL_CONVERSION = YES;
				CLANG_WARN_OBJC_ROOT_CLASS = YES_ERROR;
				CLANG_WARN_QUOTED_INCLUDE_IN_FRAMEWORK_HEADER = YES;
				CLANG_WARN_RANGE_LOOP_ANALYSIS = YES;
				CLANG_WARN_STRICT_PROTOTYPES = YES;
				CLANG_WARN_SUSPICIOUS_MOVE = YES;
				CLANG_WARN_UNGUARDED_AVAILABILITY = YES_AGGRESSIVE;
				CLANG_WARN_UNREACHABLE_CODE = YES;
				CLANG_WARN__DUPLICATE_METHOD_MATCH = YES;
				COPY_PHASE_STRIP = NO;
				DEBUG_INFORMATION_FORMAT = dwarf;
				ENABLE_STRICT_OBJC_MSGSEND = YES;
				ENABLE_TESTABILITY = YES;
				ENABLE_USER_SCRIPT_SANDBOXING = YES;
				GCC_C_LANGUAGE_STANDARD = gnu17;
				GCC_DYNAMIC_NO_PIC = NO;
				GCC_NO_COMMON_BLOCKS = YES;
				GCC_OPTIMIZATION_LEVEL = 0;
				GCC_PREPROCESSOR_DEFINITIONS = (
					"DEBUG=1",
					"$(inherited)",
				);
				GCC_WARN_64_TO_32_BIT_CONVERSION = YES;
				GCC_WARN_ABOUT_RETURN_TYPE = YES_ERROR;
				GCC_WARN_UNDECLARED_SELECTOR = YES;
				GCC_WARN_UNINITIALIZED_AUTOS = YES_AGGRESSIVE;
				GCC_WARN_UNUSED_FUNCTION = YES;
				GCC_WARN_UNUSED_VARIABLE = YES;
				IPHONEOS_DEPLOYMENT_TARGET = 16.0;
				LOCALIZATION_PREFERS_STRING_CATALOGS = YES;
				MACOSX_DEPLOYMENT_TARGET = 14.0;
				MTL_ENABLE_DEBUG_INFO = INCLUDE_SOURCE;
				MTL_FAST_MATH = YES;
				ONLY_ACTIVE_ARCH = YES;
				SDKROOT = macosx;
				SWIFT_ACTIVE_COMPILATION_CONDITIONS = "DEBUG $(inherited)";
				SWIFT_OPTIMIZATION_LEVEL = "-Onone";
			};
			name = Debug;
		};
		D7801C302B11512A006BF2E8 /* Release */ = {
			isa = XCBuildConfiguration;
			buildSettings = {
				ALWAYS_SEARCH_USER_PATHS = NO;
				ASSETCATALOG_COMPILER_GENERATE_SWIFT_ASSET_SYMBOL_EXTENSIONS = YES;
				CLANG_ANALYZER_NONNULL = YES;
				CLANG_ANALYZER_NUMBER_OBJECT_CONVERSION = YES_AGGRESSIVE;
				CLANG_CXX_LANGUAGE_STANDARD = "gnu++20";
				CLANG_ENABLE_MODULES = YES;
				CLANG_ENABLE_OBJC_ARC = YES;
				CLANG_ENABLE_OBJC_WEAK = YES;
				CLANG_WARN_BLOCK_CAPTURE_AUTORELEASING = YES;
				CLANG_WARN_BOOL_CONVERSION = YES;
				CLANG_WARN_COMMA = YES;
				CLANG_WARN_CONSTANT_CONVERSION = YES;
				CLANG_WARN_DEPRECATED_OBJC_IMPLEMENTATIONS = YES;
				CLANG_WARN_DIRECT_OBJC_ISA_USAGE = YES_ERROR;
				CLANG_WARN_DOCUMENTATION_COMMENTS = YES;
				CLANG_WARN_EMPTY_BODY = YES;
				CLANG_WARN_ENUM_CONVERSION = YES;
				CLANG_WARN_INFINITE_RECURSION = YES;
				CLANG_WARN_INT_CONVERSION = YES;
				CLANG_WARN_NON_LITERAL_NULL_CONVERSION = YES;
				CLANG_WARN_OBJC_IMPLICIT_RETAIN_SELF = YES;
				CLANG_WARN_OBJC_LITERAL_CONVERSION = YES;
				CLANG_WARN_OBJC_ROOT_CLASS = YES_ERROR;
				CLANG_WARN_QUOTED_INCLUDE_IN_FRAMEWORK_HEADER = YES;
				CLANG_WARN_RANGE_LOOP_ANALYSIS = YES;
				CLANG_WARN_STRICT_PROTOTYPES = YES;
				CLANG_WARN_SUSPICIOUS_MOVE = YES;
				CLANG_WARN_UNGUARDED_AVAILABILITY = YES_AGGRESSIVE;
				CLANG_WARN_UNREACHABLE_CODE = YES;
				CLANG_WARN__DUPLICATE_METHOD_MATCH = YES;
				COPY_PHASE_STRIP = NO;
				DEBUG_INFORMATION_FORMAT = "dwarf-with-dsym";
				ENABLE_NS_ASSERTIONS = NO;
				ENABLE_STRICT_OBJC_MSGSEND = YES;
				ENABLE_USER_SCRIPT_SANDBOXING = YES;
				GCC_C_LANGUAGE_STANDARD = gnu17;
				GCC_NO_COMMON_BLOCKS = YES;
				GCC_WARN_64_TO_32_BIT_CONVERSION = YES;
				GCC_WARN_ABOUT_RETURN_TYPE = YES_ERROR;
				GCC_WARN_UNDECLARED_SELECTOR = YES;
				GCC_WARN_UNINITIALIZED_AUTOS = YES_AGGRESSIVE;
				GCC_WARN_UNUSED_FUNCTION = YES;
				GCC_WARN_UNUSED_VARIABLE = YES;
				IPHONEOS_DEPLOYMENT_TARGET = 16.0;
				LOCALIZATION_PREFERS_STRING_CATALOGS = YES;
				MACOSX_DEPLOYMENT_TARGET = 14.0;
				MTL_ENABLE_DEBUG_INFO = NO;
				MTL_FAST_MATH = YES;
				SDKROOT = macosx;
				SWIFT_COMPILATION_MODE = wholemodule;
			};
			name = Release;
		};
		D7801C322B11512A006BF2E8 /* Debug */ = {
			isa = XCBuildConfiguration;
			buildSettings = {
				ASSETCATALOG_COMPILER_APPICON_NAME = AppIcon;
				ASSETCATALOG_COMPILER_GLOBAL_ACCENT_COLOR_NAME = AccentColor;
				CODE_SIGN_ENTITLEMENTS = PocketBread/PocketBread.entitlements;
				CODE_SIGN_STYLE = Automatic;
				COMBINE_HIDPI_IMAGES = YES;
				CURRENT_PROJECT_VERSION = 1;
				DEVELOPMENT_ASSET_PATHS = "\"PocketBread/Preview Content\"";
				DEVELOPMENT_TEAM = CAUV8X6AAP;
				ENABLE_HARDENED_RUNTIME = YES;
				ENABLE_PREVIEWS = YES;
				GENERATE_INFOPLIST_FILE = YES;
				INFOPLIST_FILE = PocketBread/Info.plist;
				INFOPLIST_KEY_NSHumanReadableCopyright = "";
				INFOPLIST_KEY_UISupportedInterfaceOrientations = UIInterfaceOrientationPortrait;
				LD_RUNPATH_SEARCH_PATHS = (
					"$(inherited)",
					"@executable_path/../Frameworks",
				);
				MARKETING_VERSION = 1.0;
				PRODUCT_BUNDLE_IDENTIFIER = me.peterkos.PocketBread;
				PRODUCT_NAME = "$(TARGET_NAME)";
				SUPPORTED_PLATFORMS = "iphoneos iphonesimulator";
				SUPPORTS_MACCATALYST = NO;
				SWIFT_EMIT_LOC_STRINGS = YES;
				SWIFT_VERSION = 5.0;
				TARGETED_DEVICE_FAMILY = 1;
			};
			name = Debug;
		};
		D7801C332B11512A006BF2E8 /* Release */ = {
			isa = XCBuildConfiguration;
			buildSettings = {
				ASSETCATALOG_COMPILER_APPICON_NAME = AppIcon;
				ASSETCATALOG_COMPILER_GLOBAL_ACCENT_COLOR_NAME = AccentColor;
				CODE_SIGN_ENTITLEMENTS = PocketBread/PocketBread.entitlements;
				CODE_SIGN_STYLE = Automatic;
				COMBINE_HIDPI_IMAGES = YES;
				CURRENT_PROJECT_VERSION = 1;
				DEVELOPMENT_ASSET_PATHS = "\"PocketBread/Preview Content\"";
				DEVELOPMENT_TEAM = CAUV8X6AAP;
				ENABLE_HARDENED_RUNTIME = YES;
				ENABLE_PREVIEWS = YES;
				GENERATE_INFOPLIST_FILE = YES;
				INFOPLIST_FILE = PocketBread/Info.plist;
				INFOPLIST_KEY_NSHumanReadableCopyright = "";
				INFOPLIST_KEY_UISupportedInterfaceOrientations = UIInterfaceOrientationPortrait;
				LD_RUNPATH_SEARCH_PATHS = (
					"$(inherited)",
					"@executable_path/../Frameworks",
				);
				MARKETING_VERSION = 1.0;
				PRODUCT_BUNDLE_IDENTIFIER = me.peterkos.PocketBread;
				PRODUCT_NAME = "$(TARGET_NAME)";
				SUPPORTED_PLATFORMS = "iphoneos iphonesimulator";
				SUPPORTS_MACCATALYST = NO;
				SWIFT_EMIT_LOC_STRINGS = YES;
				SWIFT_VERSION = 5.0;
				TARGETED_DEVICE_FAMILY = 1;
			};
			name = Release;
		};
		D7801C352B11512A006BF2E8 /* Debug */ = {
			isa = XCBuildConfiguration;
			buildSettings = {
				ALWAYS_EMBED_SWIFT_STANDARD_LIBRARIES = YES;
				BUNDLE_LOADER = "$(TEST_HOST)";
				CODE_SIGN_STYLE = Automatic;
				CURRENT_PROJECT_VERSION = 1;
				DEVELOPMENT_TEAM = CAUV8X6AAP;
				GENERATE_INFOPLIST_FILE = YES;
				MACOSX_DEPLOYMENT_TARGET = 14.0;
				MARKETING_VERSION = 1.0;
				PRODUCT_BUNDLE_IDENTIFIER = me.peterkos.PocketBreadTests;
				PRODUCT_NAME = "$(TARGET_NAME)";
				SUPPORTED_PLATFORMS = "iphoneos iphonesimulator";
				SUPPORTS_MACCATALYST = NO;
				SWIFT_EMIT_LOC_STRINGS = NO;
				SWIFT_VERSION = 5.0;
				TARGETED_DEVICE_FAMILY = 1;
				TEST_HOST = "$(BUILT_PRODUCTS_DIR)/PocketBread.app/$(BUNDLE_EXECUTABLE_FOLDER_PATH)/PocketBread";
			};
			name = Debug;
		};
		D7801C362B11512A006BF2E8 /* Release */ = {
			isa = XCBuildConfiguration;
			buildSettings = {
				ALWAYS_EMBED_SWIFT_STANDARD_LIBRARIES = YES;
				BUNDLE_LOADER = "$(TEST_HOST)";
				CODE_SIGN_STYLE = Automatic;
				CURRENT_PROJECT_VERSION = 1;
				DEVELOPMENT_TEAM = CAUV8X6AAP;
				GENERATE_INFOPLIST_FILE = YES;
				MACOSX_DEPLOYMENT_TARGET = 14.0;
				MARKETING_VERSION = 1.0;
				PRODUCT_BUNDLE_IDENTIFIER = me.peterkos.PocketBreadTests;
				PRODUCT_NAME = "$(TARGET_NAME)";
				SUPPORTED_PLATFORMS = "iphoneos iphonesimulator";
				SUPPORTS_MACCATALYST = NO;
				SWIFT_EMIT_LOC_STRINGS = NO;
				SWIFT_VERSION = 5.0;
				TARGETED_DEVICE_FAMILY = 1;
				TEST_HOST = "$(BUILT_PRODUCTS_DIR)/PocketBread.app/$(BUNDLE_EXECUTABLE_FOLDER_PATH)/PocketBread";
			};
			name = Release;
		};
		D7801C382B11512A006BF2E8 /* Debug */ = {
			isa = XCBuildConfiguration;
			buildSettings = {
				ALWAYS_EMBED_SWIFT_STANDARD_LIBRARIES = YES;
				CODE_SIGN_STYLE = Automatic;
				CURRENT_PROJECT_VERSION = 1;
				DEVELOPMENT_TEAM = CAUV8X6AAP;
				GENERATE_INFOPLIST_FILE = YES;
				MARKETING_VERSION = 1.0;
				PRODUCT_BUNDLE_IDENTIFIER = me.peterkos.PocketBreadUITests;
				PRODUCT_NAME = "$(TARGET_NAME)";
				SUPPORTED_PLATFORMS = "iphoneos iphonesimulator";
				SUPPORTS_MACCATALYST = NO;
				SWIFT_EMIT_LOC_STRINGS = NO;
				SWIFT_VERSION = 5.0;
				TARGETED_DEVICE_FAMILY = 1;
				TEST_TARGET_NAME = PocketBread;
			};
			name = Debug;
		};
		D7801C392B11512A006BF2E8 /* Release */ = {
			isa = XCBuildConfiguration;
			buildSettings = {
				ALWAYS_EMBED_SWIFT_STANDARD_LIBRARIES = YES;
				CODE_SIGN_STYLE = Automatic;
				CURRENT_PROJECT_VERSION = 1;
				DEVELOPMENT_TEAM = CAUV8X6AAP;
				GENERATE_INFOPLIST_FILE = YES;
				MARKETING_VERSION = 1.0;
				PRODUCT_BUNDLE_IDENTIFIER = me.peterkos.PocketBreadUITests;
				PRODUCT_NAME = "$(TARGET_NAME)";
				SUPPORTED_PLATFORMS = "iphoneos iphonesimulator";
				SUPPORTS_MACCATALYST = NO;
				SWIFT_EMIT_LOC_STRINGS = NO;
				SWIFT_VERSION = 5.0;
				TARGETED_DEVICE_FAMILY = 1;
				TEST_TARGET_NAME = PocketBread;
			};
			name = Release;
		};
/* End XCBuildConfiguration section */

/* Begin XCConfigurationList section */
		D7801C072B115128006BF2E8 /* Build configuration list for PBXProject "PocketBread" */ = {
			isa = XCConfigurationList;
			buildConfigurations = (
				D7801C2F2B11512A006BF2E8 /* Debug */,
				D7801C302B11512A006BF2E8 /* Release */,
			);
			defaultConfigurationIsVisible = 0;
			defaultConfigurationName = Release;
		};
		D7801C312B11512A006BF2E8 /* Build configuration list for PBXNativeTarget "PocketBread" */ = {
			isa = XCConfigurationList;
			buildConfigurations = (
				D7801C322B11512A006BF2E8 /* Debug */,
				D7801C332B11512A006BF2E8 /* Release */,
			);
			defaultConfigurationIsVisible = 0;
			defaultConfigurationName = Release;
		};
		D7801C342B11512A006BF2E8 /* Build configuration list for PBXNativeTarget "PocketBreadTests" */ = {
			isa = XCConfigurationList;
			buildConfigurations = (
				D7801C352B11512A006BF2E8 /* Debug */,
				D7801C362B11512A006BF2E8 /* Release */,
			);
			defaultConfigurationIsVisible = 0;
			defaultConfigurationName = Release;
		};
		D7801C372B11512A006BF2E8 /* Build configuration list for PBXNativeTarget "PocketBreadUITests" */ = {
			isa = XCConfigurationList;
			buildConfigurations = (
				D7801C382B11512A006BF2E8 /* Debug */,
				D7801C392B11512A006BF2E8 /* Release */,
			);
			defaultConfigurationIsVisible = 0;
			defaultConfigurationName = Release;
		};
/* End XCConfigurationList section */
	};
	rootObject = D7801C042B115128006BF2E8 /* Project object */;
}
